// !$*UTF8*$!
{
	archiveVersion = 1;
	classes = {
	};
	objectVersion = 56;
	objects = {

/* Begin PBXBuildFile section */
		0705F33D2B7495C000377483 /* CryptocurrencyDomainMapper.swift in Sources */ = {isa = PBXBuildFile; fileRef = 0705F33C2B7495C000377483 /* CryptocurrencyDomainMapper.swift */; };
		0705F33F2B7495F900377483 /* CryptocurrencyBuilder.swift in Sources */ = {isa = PBXBuildFile; fileRef = 0705F33E2B7495F900377483 /* CryptocurrencyBuilder.swift */; };
		0705F3412B74962300377483 /* CryptocurrencyDomainErrorMapper.swift in Sources */ = {isa = PBXBuildFile; fileRef = 0705F3402B74962300377483 /* CryptocurrencyDomainErrorMapper.swift */; };
		0705F3442B74966E00377483 /* Foundations+Extensions.swift in Sources */ = {isa = PBXBuildFile; fileRef = 0705F3432B74966E00377483 /* Foundations+Extensions.swift */; };
		0765AFFA2B6B2C7E0083C7BF /* AppDelegate.swift in Sources */ = {isa = PBXBuildFile; fileRef = 0765AFF92B6B2C7E0083C7BF /* AppDelegate.swift */; };
		0765AFFC2B6B2C7E0083C7BF /* SceneDelegate.swift in Sources */ = {isa = PBXBuildFile; fileRef = 0765AFFB2B6B2C7E0083C7BF /* SceneDelegate.swift */; };
		0765AFFE2B6B2C7E0083C7BF /* ViewController.swift in Sources */ = {isa = PBXBuildFile; fileRef = 0765AFFD2B6B2C7E0083C7BF /* ViewController.swift */; };
		0765B0012B6B2C7E0083C7BF /* Main.storyboard in Resources */ = {isa = PBXBuildFile; fileRef = 0765AFFF2B6B2C7E0083C7BF /* Main.storyboard */; };
		0765B0032B6B2C800083C7BF /* Assets.xcassets in Resources */ = {isa = PBXBuildFile; fileRef = 0765B0022B6B2C800083C7BF /* Assets.xcassets */; };
		0765B0062B6B2C800083C7BF /* LaunchScreen.storyboard in Resources */ = {isa = PBXBuildFile; fileRef = 0765B0042B6B2C800083C7BF /* LaunchScreen.storyboard */; };
		0765B0112B6B2C810083C7BF /* CoinGekoiOSTests.swift in Sources */ = {isa = PBXBuildFile; fileRef = 0765B0102B6B2C810083C7BF /* CoinGekoiOSTests.swift */; };
		0765B01B2B6B2C810083C7BF /* CoinGekoiOSUITests.swift in Sources */ = {isa = PBXBuildFile; fileRef = 0765B01A2B6B2C810083C7BF /* CoinGekoiOSUITests.swift */; };
		0765B01D2B6B2C810083C7BF /* CoinGekoiOSUITestsLaunchTests.swift in Sources */ = {isa = PBXBuildFile; fileRef = 0765B01C2B6B2C810083C7BF /* CoinGekoiOSUITestsLaunchTests.swift */; };
		0765B02A2B6B2DB80083C7BF /* README.md in Resources */ = {isa = PBXBuildFile; fileRef = 0765B0292B6B2DB80083C7BF /* README.md */; };
		0765B02C2B6B38640083C7BF /* Cryptocurrency.swift in Sources */ = {isa = PBXBuildFile; fileRef = 0765B02B2B6B38640083C7BF /* Cryptocurrency.swift */; };
		0765B0312B6B39A50083C7BF /* GetGlobalCryptoList.swift in Sources */ = {isa = PBXBuildFile; fileRef = 0765B0302B6B39A50083C7BF /* GetGlobalCryptoList.swift */; };
		0765B0342B6B48BF0083C7BF /* GlobalCryptoListRepsitoryType.swift in Sources */ = {isa = PBXBuildFile; fileRef = 0765B0332B6B48BF0083C7BF /* GlobalCryptoListRepsitoryType.swift */; };
		0765B0362B6B49450083C7BF /* CryptocurrencyDomainError.swift in Sources */ = {isa = PBXBuildFile; fileRef = 0765B0352B6B49450083C7BF /* CryptocurrencyDomainError.swift */; };
		0765B03B2B6B49C40083C7BF /* CrytoCurrencyRepository.swift in Sources */ = {isa = PBXBuildFile; fileRef = 0765B03A2B6B49C40083C7BF /* CrytoCurrencyRepository.swift */; };
		077C5B282B74292600B7210E /* CryptocurrencyPriceInfoDTO.swift in Sources */ = {isa = PBXBuildFile; fileRef = 077C5B272B74292600B7210E /* CryptocurrencyPriceInfoDTO.swift */; };
		077C5B2A2B74293E00B7210E /* CryptocurrencyBasicDTO.swift in Sources */ = {isa = PBXBuildFile; fileRef = 077C5B292B74293E00B7210E /* CryptocurrencyBasicDTO.swift */; };
		077C5B2E2B7429AA00B7210E /* HTTPClientError.swift in Sources */ = {isa = PBXBuildFile; fileRef = 077C5B2D2B7429AA00B7210E /* HTTPClientError.swift */; };
		077C5B302B7429DB00B7210E /* ApiDataSourceType.swift in Sources */ = {isa = PBXBuildFile; fileRef = 077C5B2F2B7429DB00B7210E /* ApiDataSourceType.swift */; };
		07DB45EC2B7578B30008BF30 /* APICryptoDataSource.swift in Sources */ = {isa = PBXBuildFile; fileRef = 07DB45EB2B7578B30008BF30 /* APICryptoDataSource.swift */; };
		07DB45EE2B7588630008BF30 /* CryptoCurrencyGlobalInfoDTO.swift in Sources */ = {isa = PBXBuildFile; fileRef = 07DB45ED2B7588630008BF30 /* CryptoCurrencyGlobalInfoDTO.swift */; };
		07DB45F02B759F710008BF30 /* Endpoint.swift in Sources */ = {isa = PBXBuildFile; fileRef = 07DB45EF2B759F710008BF30 /* Endpoint.swift */; };
		07DB45F22B759FB70008BF30 /* HTTPMethod.swift in Sources */ = {isa = PBXBuildFile; fileRef = 07DB45F12B759FB70008BF30 /* HTTPMethod.swift */; };
		07DB45F42B759FE10008BF30 /* HTTPClient.swift in Sources */ = {isa = PBXBuildFile; fileRef = 07DB45F32B759FE10008BF30 /* HTTPClient.swift */; };
		07DB45F82B75A07E0008BF30 /* URLSessionHTTPClient.swift in Sources */ = {isa = PBXBuildFile; fileRef = 07DB45F72B75A07E0008BF30 /* URLSessionHTTPClient.swift */; };
		07DB45FA2B75A7AD0008BF30 /* URLSessionErrorResolver.swift in Sources */ = {isa = PBXBuildFile; fileRef = 07DB45F92B75A7AD0008BF30 /* URLSessionErrorResolver.swift */; };
		07DB45FC2B75A7D50008BF30 /* URLSessionRequestMaker.swift in Sources */ = {isa = PBXBuildFile; fileRef = 07DB45FB2B75A7D50008BF30 /* URLSessionRequestMaker.swift */; };
		07DB45FF2B75A8A00008BF30 /* GlobalCryptoListViewModel.swift in Sources */ = {isa = PBXBuildFile; fileRef = 07DB45FE2B75A8A00008BF30 /* GlobalCryptoListViewModel.swift */; };
		07DB46022B75B2EC0008BF30 /* GlobalCryptoListView.swift in Sources */ = {isa = PBXBuildFile; fileRef = 07DB46012B75B2EC0008BF30 /* GlobalCryptoListView.swift */; };
/* End PBXBuildFile section */

/* Begin PBXContainerItemProxy section */
		0765B00D2B6B2C810083C7BF /* PBXContainerItemProxy */ = {
			isa = PBXContainerItemProxy;
			containerPortal = 0765AFEE2B6B2C7D0083C7BF /* Project object */;
			proxyType = 1;
			remoteGlobalIDString = 0765AFF52B6B2C7E0083C7BF;
			remoteInfo = CoinGekoiOS;
		};
		0765B0172B6B2C810083C7BF /* PBXContainerItemProxy */ = {
			isa = PBXContainerItemProxy;
			containerPortal = 0765AFEE2B6B2C7D0083C7BF /* Project object */;
			proxyType = 1;
			remoteGlobalIDString = 0765AFF52B6B2C7E0083C7BF;
			remoteInfo = CoinGekoiOS;
		};
/* End PBXContainerItemProxy section */

/* Begin PBXFileReference section */
		0705F33C2B7495C000377483 /* CryptocurrencyDomainMapper.swift */ = {isa = PBXFileReference; lastKnownFileType = sourcecode.swift; path = CryptocurrencyDomainMapper.swift; sourceTree = "<group>"; };
		0705F33E2B7495F900377483 /* CryptocurrencyBuilder.swift */ = {isa = PBXFileReference; lastKnownFileType = sourcecode.swift; path = CryptocurrencyBuilder.swift; sourceTree = "<group>"; };
		0705F3402B74962300377483 /* CryptocurrencyDomainErrorMapper.swift */ = {isa = PBXFileReference; lastKnownFileType = sourcecode.swift; path = CryptocurrencyDomainErrorMapper.swift; sourceTree = "<group>"; };
		0705F3432B74966E00377483 /* Foundations+Extensions.swift */ = {isa = PBXFileReference; lastKnownFileType = sourcecode.swift; path = "Foundations+Extensions.swift"; sourceTree = "<group>"; };
		0765AFF62B6B2C7E0083C7BF /* CoinGekoiOS.app */ = {isa = PBXFileReference; explicitFileType = wrapper.application; includeInIndex = 0; path = CoinGekoiOS.app; sourceTree = BUILT_PRODUCTS_DIR; };
		0765AFF92B6B2C7E0083C7BF /* AppDelegate.swift */ = {isa = PBXFileReference; lastKnownFileType = sourcecode.swift; path = AppDelegate.swift; sourceTree = "<group>"; };
		0765AFFB2B6B2C7E0083C7BF /* SceneDelegate.swift */ = {isa = PBXFileReference; lastKnownFileType = sourcecode.swift; path = SceneDelegate.swift; sourceTree = "<group>"; };
		0765AFFD2B6B2C7E0083C7BF /* ViewController.swift */ = {isa = PBXFileReference; lastKnownFileType = sourcecode.swift; path = ViewController.swift; sourceTree = "<group>"; };
		0765B0002B6B2C7E0083C7BF /* Base */ = {isa = PBXFileReference; lastKnownFileType = file.storyboard; name = Base; path = Base.lproj/Main.storyboard; sourceTree = "<group>"; };
		0765B0022B6B2C800083C7BF /* Assets.xcassets */ = {isa = PBXFileReference; lastKnownFileType = folder.assetcatalog; path = Assets.xcassets; sourceTree = "<group>"; };
		0765B0052B6B2C800083C7BF /* Base */ = {isa = PBXFileReference; lastKnownFileType = file.storyboard; name = Base; path = Base.lproj/LaunchScreen.storyboard; sourceTree = "<group>"; };
		0765B0072B6B2C800083C7BF /* Info.plist */ = {isa = PBXFileReference; lastKnownFileType = text.plist.xml; path = Info.plist; sourceTree = "<group>"; };
		0765B00C2B6B2C810083C7BF /* CoinGekoiOSTests.xctest */ = {isa = PBXFileReference; explicitFileType = wrapper.cfbundle; includeInIndex = 0; path = CoinGekoiOSTests.xctest; sourceTree = BUILT_PRODUCTS_DIR; };
		0765B0102B6B2C810083C7BF /* CoinGekoiOSTests.swift */ = {isa = PBXFileReference; lastKnownFileType = sourcecode.swift; path = CoinGekoiOSTests.swift; sourceTree = "<group>"; };
		0765B0162B6B2C810083C7BF /* CoinGekoiOSUITests.xctest */ = {isa = PBXFileReference; explicitFileType = wrapper.cfbundle; includeInIndex = 0; path = CoinGekoiOSUITests.xctest; sourceTree = BUILT_PRODUCTS_DIR; };
		0765B01A2B6B2C810083C7BF /* CoinGekoiOSUITests.swift */ = {isa = PBXFileReference; lastKnownFileType = sourcecode.swift; path = CoinGekoiOSUITests.swift; sourceTree = "<group>"; };
		0765B01C2B6B2C810083C7BF /* CoinGekoiOSUITestsLaunchTests.swift */ = {isa = PBXFileReference; lastKnownFileType = sourcecode.swift; path = CoinGekoiOSUITestsLaunchTests.swift; sourceTree = "<group>"; };
		0765B0292B6B2DB80083C7BF /* README.md */ = {isa = PBXFileReference; fileEncoding = 4; lastKnownFileType = net.daringfireball.markdown; path = README.md; sourceTree = SOURCE_ROOT; };
		0765B02B2B6B38640083C7BF /* Cryptocurrency.swift */ = {isa = PBXFileReference; lastKnownFileType = sourcecode.swift; path = Cryptocurrency.swift; sourceTree = "<group>"; };
		0765B0302B6B39A50083C7BF /* GetGlobalCryptoList.swift */ = {isa = PBXFileReference; lastKnownFileType = sourcecode.swift; path = GetGlobalCryptoList.swift; sourceTree = "<group>"; };
		0765B0332B6B48BF0083C7BF /* GlobalCryptoListRepsitoryType.swift */ = {isa = PBXFileReference; lastKnownFileType = sourcecode.swift; path = GlobalCryptoListRepsitoryType.swift; sourceTree = "<group>"; };
		0765B0352B6B49450083C7BF /* CryptocurrencyDomainError.swift */ = {isa = PBXFileReference; lastKnownFileType = sourcecode.swift; path = CryptocurrencyDomainError.swift; sourceTree = "<group>"; };
		0765B03A2B6B49C40083C7BF /* CrytoCurrencyRepository.swift */ = {isa = PBXFileReference; lastKnownFileType = sourcecode.swift; path = CrytoCurrencyRepository.swift; sourceTree = "<group>"; };
		077C5B272B74292600B7210E /* CryptocurrencyPriceInfoDTO.swift */ = {isa = PBXFileReference; lastKnownFileType = sourcecode.swift; path = CryptocurrencyPriceInfoDTO.swift; sourceTree = "<group>"; };
		077C5B292B74293E00B7210E /* CryptocurrencyBasicDTO.swift */ = {isa = PBXFileReference; lastKnownFileType = sourcecode.swift; path = CryptocurrencyBasicDTO.swift; sourceTree = "<group>"; };
		077C5B2D2B7429AA00B7210E /* HTTPClientError.swift */ = {isa = PBXFileReference; lastKnownFileType = sourcecode.swift; path = HTTPClientError.swift; sourceTree = "<group>"; };
		077C5B2F2B7429DB00B7210E /* ApiDataSourceType.swift */ = {isa = PBXFileReference; lastKnownFileType = sourcecode.swift; path = ApiDataSourceType.swift; sourceTree = "<group>"; };
		07DB45EB2B7578B30008BF30 /* APICryptoDataSource.swift */ = {isa = PBXFileReference; lastKnownFileType = sourcecode.swift; path = APICryptoDataSource.swift; sourceTree = "<group>"; };
		07DB45ED2B7588630008BF30 /* CryptoCurrencyGlobalInfoDTO.swift */ = {isa = PBXFileReference; lastKnownFileType = sourcecode.swift; path = CryptoCurrencyGlobalInfoDTO.swift; sourceTree = "<group>"; };
		07DB45EF2B759F710008BF30 /* Endpoint.swift */ = {isa = PBXFileReference; lastKnownFileType = sourcecode.swift; path = Endpoint.swift; sourceTree = "<group>"; };
		07DB45F12B759FB70008BF30 /* HTTPMethod.swift */ = {isa = PBXFileReference; lastKnownFileType = sourcecode.swift; path = HTTPMethod.swift; sourceTree = "<group>"; };
		07DB45F32B759FE10008BF30 /* HTTPClient.swift */ = {isa = PBXFileReference; lastKnownFileType = sourcecode.swift; path = HTTPClient.swift; sourceTree = "<group>"; };
		07DB45F72B75A07E0008BF30 /* URLSessionHTTPClient.swift */ = {isa = PBXFileReference; lastKnownFileType = sourcecode.swift; path = URLSessionHTTPClient.swift; sourceTree = "<group>"; };
		07DB45F92B75A7AD0008BF30 /* URLSessionErrorResolver.swift */ = {isa = PBXFileReference; lastKnownFileType = sourcecode.swift; path = URLSessionErrorResolver.swift; sourceTree = "<group>"; };
		07DB45FB2B75A7D50008BF30 /* URLSessionRequestMaker.swift */ = {isa = PBXFileReference; lastKnownFileType = sourcecode.swift; path = URLSessionRequestMaker.swift; sourceTree = "<group>"; };
		07DB45FE2B75A8A00008BF30 /* GlobalCryptoListViewModel.swift */ = {isa = PBXFileReference; lastKnownFileType = sourcecode.swift; path = GlobalCryptoListViewModel.swift; sourceTree = "<group>"; };
		07DB46012B75B2EC0008BF30 /* GlobalCryptoListView.swift */ = {isa = PBXFileReference; lastKnownFileType = sourcecode.swift; path = GlobalCryptoListView.swift; sourceTree = "<group>"; };
/* End PBXFileReference section */

/* Begin PBXFrameworksBuildPhase section */
		0765AFF32B6B2C7E0083C7BF /* Frameworks */ = {
			isa = PBXFrameworksBuildPhase;
			buildActionMask = 2147483647;
			files = (
			);
			runOnlyForDeploymentPostprocessing = 0;
		};
		0765B0092B6B2C810083C7BF /* Frameworks */ = {
			isa = PBXFrameworksBuildPhase;
			buildActionMask = 2147483647;
			files = (
			);
			runOnlyForDeploymentPostprocessing = 0;
		};
		0765B0132B6B2C810083C7BF /* Frameworks */ = {
			isa = PBXFrameworksBuildPhase;
			buildActionMask = 2147483647;
			files = (
			);
			runOnlyForDeploymentPostprocessing = 0;
		};
/* End PBXFrameworksBuildPhase section */

/* Begin PBXGroup section */
		0705F3422B74964800377483 /* Utils */ = {
			isa = PBXGroup;
			children = (
				0705F3432B74966E00377483 /* Foundations+Extensions.swift */,
			);
			path = Utils;
			sourceTree = "<group>";
		};
		0765AFED2B6B2C7D0083C7BF = {
			isa = PBXGroup;
			children = (
				0765AFF82B6B2C7E0083C7BF /* CoinGekoiOS */,
				0765B00F2B6B2C810083C7BF /* CoinGekoiOSTests */,
				0765B0192B6B2C810083C7BF /* CoinGekoiOSUITests */,
				0765AFF72B6B2C7E0083C7BF /* Products */,
			);
			sourceTree = "<group>";
		};
		0765AFF72B6B2C7E0083C7BF /* Products */ = {
			isa = PBXGroup;
			children = (
				0765AFF62B6B2C7E0083C7BF /* CoinGekoiOS.app */,
				0765B00C2B6B2C810083C7BF /* CoinGekoiOSTests.xctest */,
				0765B0162B6B2C810083C7BF /* CoinGekoiOSUITests.xctest */,
			);
			name = Products;
			sourceTree = "<group>";
		};
		0765AFF82B6B2C7E0083C7BF /* CoinGekoiOS */ = {
			isa = PBXGroup;
			children = (
				07DB46002B75B2CA0008BF30 /* UI */,
				07DB45FD2B75A8470008BF30 /* Presentation */,
				07DB45F52B75A01F0008BF30 /* Infraestructure */,
				0705F3422B74964800377483 /* Utils */,
				0765B0372B6B49730083C7BF /* Data */,
				0765B02D2B6B38730083C7BF /* Domain */,
				0765AFF92B6B2C7E0083C7BF /* AppDelegate.swift */,
				0765AFFB2B6B2C7E0083C7BF /* SceneDelegate.swift */,
				0765AFFD2B6B2C7E0083C7BF /* ViewController.swift */,
				0765AFFF2B6B2C7E0083C7BF /* Main.storyboard */,
				0765B0022B6B2C800083C7BF /* Assets.xcassets */,
				0765B0042B6B2C800083C7BF /* LaunchScreen.storyboard */,
				0765B0072B6B2C800083C7BF /* Info.plist */,
				0765B0292B6B2DB80083C7BF /* README.md */,
			);
			path = CoinGekoiOS;
			sourceTree = "<group>";
		};
		0765B00F2B6B2C810083C7BF /* CoinGekoiOSTests */ = {
			isa = PBXGroup;
			children = (
				0765B0102B6B2C810083C7BF /* CoinGekoiOSTests.swift */,
			);
			path = CoinGekoiOSTests;
			sourceTree = "<group>";
		};
		0765B0192B6B2C810083C7BF /* CoinGekoiOSUITests */ = {
			isa = PBXGroup;
			children = (
				0765B01A2B6B2C810083C7BF /* CoinGekoiOSUITests.swift */,
				0765B01C2B6B2C810083C7BF /* CoinGekoiOSUITestsLaunchTests.swift */,
			);
			path = CoinGekoiOSUITests;
			sourceTree = "<group>";
		};
		0765B02D2B6B38730083C7BF /* Domain */ = {
			isa = PBXGroup;
			children = (
				0765B0322B6B48240083C7BF /* Interfaces */,
				0765B02F2B6B393A0083C7BF /* UseCases */,
				0765B02E2B6B387D0083C7BF /* Entities */,
				0765B0352B6B49450083C7BF /* CryptocurrencyDomainError.swift */,
			);
			path = Domain;
			sourceTree = "<group>";
		};
		0765B02E2B6B387D0083C7BF /* Entities */ = {
			isa = PBXGroup;
			children = (
				0765B02B2B6B38640083C7BF /* Cryptocurrency.swift */,
			);
			path = Entities;
			sourceTree = "<group>";
		};
		0765B02F2B6B393A0083C7BF /* UseCases */ = {
			isa = PBXGroup;
			children = (
				0765B0302B6B39A50083C7BF /* GetGlobalCryptoList.swift */,
			);
			path = UseCases;
			sourceTree = "<group>";
		};
		0765B0322B6B48240083C7BF /* Interfaces */ = {
			isa = PBXGroup;
			children = (
				0765B0332B6B48BF0083C7BF /* GlobalCryptoListRepsitoryType.swift */,
			);
			path = Interfaces;
			sourceTree = "<group>";
		};
		0765B0372B6B49730083C7BF /* Data */ = {
			isa = PBXGroup;
			children = (
				077C5B2B2B74297900B7210E /* Networking */,
				077C5B262B74290900B7210E /* DTOs */,
				0765B0382B6B497E0083C7BF /* Repositories */,
				0705F33C2B7495C000377483 /* CryptocurrencyDomainMapper.swift */,
				0705F33E2B7495F900377483 /* CryptocurrencyBuilder.swift */,
				0705F3402B74962300377483 /* CryptocurrencyDomainErrorMapper.swift */,
			);
			path = Data;
			sourceTree = "<group>";
		};
		0765B0382B6B497E0083C7BF /* Repositories */ = {
			isa = PBXGroup;
			children = (
				0765B03A2B6B49C40083C7BF /* CrytoCurrencyRepository.swift */,
			);
			path = Repositories;
			sourceTree = "<group>";
		};
		077C5B262B74290900B7210E /* DTOs */ = {
			isa = PBXGroup;
			children = (
				077C5B272B74292600B7210E /* CryptocurrencyPriceInfoDTO.swift */,
				077C5B292B74293E00B7210E /* CryptocurrencyBasicDTO.swift */,
				07DB45ED2B7588630008BF30 /* CryptoCurrencyGlobalInfoDTO.swift */,
			);
			path = DTOs;
			sourceTree = "<group>";
		};
		077C5B2B2B74297900B7210E /* Networking */ = {
			isa = PBXGroup;
			children = (
				077C5B2D2B7429AA00B7210E /* HTTPClientError.swift */,
				077C5B2F2B7429DB00B7210E /* ApiDataSourceType.swift */,
				07DB45EB2B7578B30008BF30 /* APICryptoDataSource.swift */,
				07DB45EF2B759F710008BF30 /* Endpoint.swift */,
				07DB45F12B759FB70008BF30 /* HTTPMethod.swift */,
				07DB45F32B759FE10008BF30 /* HTTPClient.swift */,
			);
			path = Networking;
			sourceTree = "<group>";
		};
		07DB45F52B75A01F0008BF30 /* Infraestructure */ = {
			isa = PBXGroup;
			children = (
				07DB45F62B75A0490008BF30 /* Networking */,
			);
			path = Infraestructure;
			sourceTree = "<group>";
		};
		07DB45F62B75A0490008BF30 /* Networking */ = {
			isa = PBXGroup;
			children = (
				07DB45F72B75A07E0008BF30 /* URLSessionHTTPClient.swift */,
				07DB45F92B75A7AD0008BF30 /* URLSessionErrorResolver.swift */,
				07DB45FB2B75A7D50008BF30 /* URLSessionRequestMaker.swift */,
			);
			path = Networking;
			sourceTree = "<group>";
		};
		07DB45FD2B75A8470008BF30 /* Presentation */ = {
			isa = PBXGroup;
			children = (
				07DB45FE2B75A8A00008BF30 /* GlobalCryptoListViewModel.swift */,
			);
			path = Presentation;
			sourceTree = "<group>";
		};
		07DB46002B75B2CA0008BF30 /* UI */ = {
			isa = PBXGroup;
			children = (
				07DB46012B75B2EC0008BF30 /* GlobalCryptoListView.swift */,
			);
			path = UI;
			sourceTree = "<group>";
		};
/* End PBXGroup section */

/* Begin PBXNativeTarget section */
		0765AFF52B6B2C7E0083C7BF /* CoinGekoiOS */ = {
			isa = PBXNativeTarget;
			buildConfigurationList = 0765B0202B6B2C810083C7BF /* Build configuration list for PBXNativeTarget "CoinGekoiOS" */;
			buildPhases = (
				0765AFF22B6B2C7E0083C7BF /* Sources */,
				0765AFF32B6B2C7E0083C7BF /* Frameworks */,
				0765AFF42B6B2C7E0083C7BF /* Resources */,
			);
			buildRules = (
			);
			dependencies = (
			);
			name = CoinGekoiOS;
			productName = CoinGekoiOS;
			productReference = 0765AFF62B6B2C7E0083C7BF /* CoinGekoiOS.app */;
			productType = "com.apple.product-type.application";
		};
		0765B00B2B6B2C810083C7BF /* CoinGekoiOSTests */ = {
			isa = PBXNativeTarget;
			buildConfigurationList = 0765B0232B6B2C810083C7BF /* Build configuration list for PBXNativeTarget "CoinGekoiOSTests" */;
			buildPhases = (
				0765B0082B6B2C810083C7BF /* Sources */,
				0765B0092B6B2C810083C7BF /* Frameworks */,
				0765B00A2B6B2C810083C7BF /* Resources */,
			);
			buildRules = (
			);
			dependencies = (
				0765B00E2B6B2C810083C7BF /* PBXTargetDependency */,
			);
			name = CoinGekoiOSTests;
			productName = CoinGekoiOSTests;
			productReference = 0765B00C2B6B2C810083C7BF /* CoinGekoiOSTests.xctest */;
			productType = "com.apple.product-type.bundle.unit-test";
		};
		0765B0152B6B2C810083C7BF /* CoinGekoiOSUITests */ = {
			isa = PBXNativeTarget;
			buildConfigurationList = 0765B0262B6B2C810083C7BF /* Build configuration list for PBXNativeTarget "CoinGekoiOSUITests" */;
			buildPhases = (
				0765B0122B6B2C810083C7BF /* Sources */,
				0765B0132B6B2C810083C7BF /* Frameworks */,
				0765B0142B6B2C810083C7BF /* Resources */,
			);
			buildRules = (
			);
			dependencies = (
				0765B0182B6B2C810083C7BF /* PBXTargetDependency */,
			);
			name = CoinGekoiOSUITests;
			productName = CoinGekoiOSUITests;
			productReference = 0765B0162B6B2C810083C7BF /* CoinGekoiOSUITests.xctest */;
			productType = "com.apple.product-type.bundle.ui-testing";
		};
/* End PBXNativeTarget section */

/* Begin PBXProject section */
		0765AFEE2B6B2C7D0083C7BF /* Project object */ = {
			isa = PBXProject;
			attributes = {
				BuildIndependentTargetsInParallel = 1;
				LastSwiftUpdateCheck = 1520;
				LastUpgradeCheck = 1520;
				TargetAttributes = {
					0765AFF52B6B2C7E0083C7BF = {
						CreatedOnToolsVersion = 15.2;
					};
					0765B00B2B6B2C810083C7BF = {
						CreatedOnToolsVersion = 15.2;
						TestTargetID = 0765AFF52B6B2C7E0083C7BF;
					};
					0765B0152B6B2C810083C7BF = {
						CreatedOnToolsVersion = 15.2;
						TestTargetID = 0765AFF52B6B2C7E0083C7BF;
					};
				};
			};
			buildConfigurationList = 0765AFF12B6B2C7D0083C7BF /* Build configuration list for PBXProject "CoinGekoiOS" */;
			compatibilityVersion = "Xcode 14.0";
			developmentRegion = en;
			hasScannedForEncodings = 0;
			knownRegions = (
				en,
				Base,
			);
			mainGroup = 0765AFED2B6B2C7D0083C7BF;
			productRefGroup = 0765AFF72B6B2C7E0083C7BF /* Products */;
			projectDirPath = "";
			projectRoot = "";
			targets = (
				0765AFF52B6B2C7E0083C7BF /* CoinGekoiOS */,
				0765B00B2B6B2C810083C7BF /* CoinGekoiOSTests */,
				0765B0152B6B2C810083C7BF /* CoinGekoiOSUITests */,
			);
		};
/* End PBXProject section */

/* Begin PBXResourcesBuildPhase section */
		0765AFF42B6B2C7E0083C7BF /* Resources */ = {
			isa = PBXResourcesBuildPhase;
			buildActionMask = 2147483647;
			files = (
				0765B0062B6B2C800083C7BF /* LaunchScreen.storyboard in Resources */,
				0765B0032B6B2C800083C7BF /* Assets.xcassets in Resources */,
				0765B02A2B6B2DB80083C7BF /* README.md in Resources */,
				0765B0012B6B2C7E0083C7BF /* Main.storyboard in Resources */,
			);
			runOnlyForDeploymentPostprocessing = 0;
		};
		0765B00A2B6B2C810083C7BF /* Resources */ = {
			isa = PBXResourcesBuildPhase;
			buildActionMask = 2147483647;
			files = (
			);
			runOnlyForDeploymentPostprocessing = 0;
		};
		0765B0142B6B2C810083C7BF /* Resources */ = {
			isa = PBXResourcesBuildPhase;
			buildActionMask = 2147483647;
			files = (
			);
			runOnlyForDeploymentPostprocessing = 0;
		};
/* End PBXResourcesBuildPhase section */

/* Begin PBXSourcesBuildPhase section */
		0765AFF22B6B2C7E0083C7BF /* Sources */ = {
			isa = PBXSourcesBuildPhase;
			buildActionMask = 2147483647;
			files = (
				0705F3412B74962300377483 /* CryptocurrencyDomainErrorMapper.swift in Sources */,
				0765B0312B6B39A50083C7BF /* GetGlobalCryptoList.swift in Sources */,
				07DB45EE2B7588630008BF30 /* CryptoCurrencyGlobalInfoDTO.swift in Sources */,
				077C5B2E2B7429AA00B7210E /* HTTPClientError.swift in Sources */,
				0765AFFE2B6B2C7E0083C7BF /* ViewController.swift in Sources */,
				0765B0342B6B48BF0083C7BF /* GlobalCryptoListRepsitoryType.swift in Sources */,
				0765AFFA2B6B2C7E0083C7BF /* AppDelegate.swift in Sources */,
				07DB45FC2B75A7D50008BF30 /* URLSessionRequestMaker.swift in Sources */,
				077C5B282B74292600B7210E /* CryptocurrencyPriceInfoDTO.swift in Sources */,
				07DB45F22B759FB70008BF30 /* HTTPMethod.swift in Sources */,
				0765B03B2B6B49C40083C7BF /* CrytoCurrencyRepository.swift in Sources */,
				077C5B2A2B74293E00B7210E /* CryptocurrencyBasicDTO.swift in Sources */,
				0765AFFC2B6B2C7E0083C7BF /* SceneDelegate.swift in Sources */,
				07DB45EC2B7578B30008BF30 /* APICryptoDataSource.swift in Sources */,
				07DB45F02B759F710008BF30 /* Endpoint.swift in Sources */,
				077C5B302B7429DB00B7210E /* ApiDataSourceType.swift in Sources */,
				0765B02C2B6B38640083C7BF /* Cryptocurrency.swift in Sources */,
				0705F3442B74966E00377483 /* Foundations+Extensions.swift in Sources */,
				07DB45F82B75A07E0008BF30 /* URLSessionHTTPClient.swift in Sources */,
				07DB45F42B759FE10008BF30 /* HTTPClient.swift in Sources */,
				0705F33D2B7495C000377483 /* CryptocurrencyDomainMapper.swift in Sources */,
				0765B0362B6B49450083C7BF /* CryptocurrencyDomainError.swift in Sources */,
				07DB46022B75B2EC0008BF30 /* GlobalCryptoListView.swift in Sources */,
				07DB45FA2B75A7AD0008BF30 /* URLSessionErrorResolver.swift in Sources */,
				07DB45FF2B75A8A00008BF30 /* GlobalCryptoListViewModel.swift in Sources */,
				0705F33F2B7495F900377483 /* CryptocurrencyBuilder.swift in Sources */,
			);
			runOnlyForDeploymentPostprocessing = 0;
		};
		0765B0082B6B2C810083C7BF /* Sources */ = {
			isa = PBXSourcesBuildPhase;
			buildActionMask = 2147483647;
			files = (
				0765B0112B6B2C810083C7BF /* CoinGekoiOSTests.swift in Sources */,
			);
			runOnlyForDeploymentPostprocessing = 0;
		};
		0765B0122B6B2C810083C7BF /* Sources */ = {
			isa = PBXSourcesBuildPhase;
			buildActionMask = 2147483647;
			files = (
				0765B01B2B6B2C810083C7BF /* CoinGekoiOSUITests.swift in Sources */,
				0765B01D2B6B2C810083C7BF /* CoinGekoiOSUITestsLaunchTests.swift in Sources */,
			);
			runOnlyForDeploymentPostprocessing = 0;
		};
/* End PBXSourcesBuildPhase section */

/* Begin PBXTargetDependency section */
		0765B00E2B6B2C810083C7BF /* PBXTargetDependency */ = {
			isa = PBXTargetDependency;
			target = 0765AFF52B6B2C7E0083C7BF /* CoinGekoiOS */;
			targetProxy = 0765B00D2B6B2C810083C7BF /* PBXContainerItemProxy */;
		};
		0765B0182B6B2C810083C7BF /* PBXTargetDependency */ = {
			isa = PBXTargetDependency;
			target = 0765AFF52B6B2C7E0083C7BF /* CoinGekoiOS */;
			targetProxy = 0765B0172B6B2C810083C7BF /* PBXContainerItemProxy */;
		};
/* End PBXTargetDependency section */

/* Begin PBXVariantGroup section */
		0765AFFF2B6B2C7E0083C7BF /* Main.storyboard */ = {
			isa = PBXVariantGroup;
			children = (
				0765B0002B6B2C7E0083C7BF /* Base */,
			);
			name = Main.storyboard;
			sourceTree = "<group>";
		};
		0765B0042B6B2C800083C7BF /* LaunchScreen.storyboard */ = {
			isa = PBXVariantGroup;
			children = (
				0765B0052B6B2C800083C7BF /* Base */,
			);
			name = LaunchScreen.storyboard;
			sourceTree = "<group>";
		};
/* End PBXVariantGroup section */

/* Begin XCBuildConfiguration section */
		0765B01E2B6B2C810083C7BF /* Debug */ = {
			isa = XCBuildConfiguration;
			buildSettings = {
				ALWAYS_SEARCH_USER_PATHS = NO;
				ASSETCATALOG_COMPILER_GENERATE_SWIFT_ASSET_SYMBOL_EXTENSIONS = YES;
				CLANG_ANALYZER_NONNULL = YES;
				CLANG_ANALYZER_NUMBER_OBJECT_CONVERSION = YES_AGGRESSIVE;
				CLANG_CXX_LANGUAGE_STANDARD = "gnu++20";
				CLANG_ENABLE_MODULES = YES;
				CLANG_ENABLE_OBJC_ARC = YES;
				CLANG_ENABLE_OBJC_WEAK = YES;
				CLANG_WARN_BLOCK_CAPTURE_AUTORELEASING = YES;
				CLANG_WARN_BOOL_CONVERSION = YES;
				CLANG_WARN_COMMA = YES;
				CLANG_WARN_CONSTANT_CONVERSION = YES;
				CLANG_WARN_DEPRECATED_OBJC_IMPLEMENTATIONS = YES;
				CLANG_WARN_DIRECT_OBJC_ISA_USAGE = YES_ERROR;
				CLANG_WARN_DOCUMENTATION_COMMENTS = YES;
				CLANG_WARN_EMPTY_BODY = YES;
				CLANG_WARN_ENUM_CONVERSION = YES;
				CLANG_WARN_INFINITE_RECURSION = YES;
				CLANG_WARN_INT_CONVERSION = YES;
				CLANG_WARN_NON_LITERAL_NULL_CONVERSION = YES;
				CLANG_WARN_OBJC_IMPLICIT_RETAIN_SELF = YES;
				CLANG_WARN_OBJC_LITERAL_CONVERSION = YES;
				CLANG_WARN_OBJC_ROOT_CLASS = YES_ERROR;
				CLANG_WARN_QUOTED_INCLUDE_IN_FRAMEWORK_HEADER = YES;
				CLANG_WARN_RANGE_LOOP_ANALYSIS = YES;
				CLANG_WARN_STRICT_PROTOTYPES = YES;
				CLANG_WARN_SUSPICIOUS_MOVE = YES;
				CLANG_WARN_UNGUARDED_AVAILABILITY = YES_AGGRESSIVE;
				CLANG_WARN_UNREACHABLE_CODE = YES;
				CLANG_WARN__DUPLICATE_METHOD_MATCH = YES;
				COPY_PHASE_STRIP = NO;
				DEBUG_INFORMATION_FORMAT = dwarf;
				ENABLE_STRICT_OBJC_MSGSEND = YES;
				ENABLE_TESTABILITY = YES;
				ENABLE_USER_SCRIPT_SANDBOXING = YES;
				GCC_C_LANGUAGE_STANDARD = gnu17;
				GCC_DYNAMIC_NO_PIC = NO;
				GCC_NO_COMMON_BLOCKS = YES;
				GCC_OPTIMIZATION_LEVEL = 0;
				GCC_PREPROCESSOR_DEFINITIONS = (
					"DEBUG=1",
					"$(inherited)",
				);
				GCC_WARN_64_TO_32_BIT_CONVERSION = YES;
				GCC_WARN_ABOUT_RETURN_TYPE = YES_ERROR;
				GCC_WARN_UNDECLARED_SELECTOR = YES;
				GCC_WARN_UNINITIALIZED_AUTOS = YES_AGGRESSIVE;
				GCC_WARN_UNUSED_FUNCTION = YES;
				GCC_WARN_UNUSED_VARIABLE = YES;
				IPHONEOS_DEPLOYMENT_TARGET = 17.2;
				LOCALIZATION_PREFERS_STRING_CATALOGS = YES;
				MTL_ENABLE_DEBUG_INFO = INCLUDE_SOURCE;
				MTL_FAST_MATH = YES;
				ONLY_ACTIVE_ARCH = YES;
				SDKROOT = iphoneos;
				SWIFT_ACTIVE_COMPILATION_CONDITIONS = "DEBUG $(inherited)";
				SWIFT_OPTIMIZATION_LEVEL = "-Onone";
			};
			name = Debug;
		};
		0765B01F2B6B2C810083C7BF /* Release */ = {
			isa = XCBuildConfiguration;
			buildSettings = {
				ALWAYS_SEARCH_USER_PATHS = NO;
				ASSETCATALOG_COMPILER_GENERATE_SWIFT_ASSET_SYMBOL_EXTENSIONS = YES;
				CLANG_ANALYZER_NONNULL = YES;
				CLANG_ANALYZER_NUMBER_OBJECT_CONVERSION = YES_AGGRESSIVE;
				CLANG_CXX_LANGUAGE_STANDARD = "gnu++20";
				CLANG_ENABLE_MODULES = YES;
				CLANG_ENABLE_OBJC_ARC = YES;
				CLANG_ENABLE_OBJC_WEAK = YES;
				CLANG_WARN_BLOCK_CAPTURE_AUTORELEASING = YES;
				CLANG_WARN_BOOL_CONVERSION = YES;
				CLANG_WARN_COMMA = YES;
				CLANG_WARN_CONSTANT_CONVERSION = YES;
				CLANG_WARN_DEPRECATED_OBJC_IMPLEMENTATIONS = YES;
				CLANG_WARN_DIRECT_OBJC_ISA_USAGE = YES_ERROR;
				CLANG_WARN_DOCUMENTATION_COMMENTS = YES;
				CLANG_WARN_EMPTY_BODY = YES;
				CLANG_WARN_ENUM_CONVERSION = YES;
				CLANG_WARN_INFINITE_RECURSION = YES;
				CLANG_WARN_INT_CONVERSION = YES;
				CLANG_WARN_NON_LITERAL_NULL_CONVERSION = YES;
				CLANG_WARN_OBJC_IMPLICIT_RETAIN_SELF = YES;
				CLANG_WARN_OBJC_LITERAL_CONVERSION = YES;
				CLANG_WARN_OBJC_ROOT_CLASS = YES_ERROR;
				CLANG_WARN_QUOTED_INCLUDE_IN_FRAMEWORK_HEADER = YES;
				CLANG_WARN_RANGE_LOOP_ANALYSIS = YES;
				CLANG_WARN_STRICT_PROTOTYPES = YES;
				CLANG_WARN_SUSPICIOUS_MOVE = YES;
				CLANG_WARN_UNGUARDED_AVAILABILITY = YES_AGGRESSIVE;
				CLANG_WARN_UNREACHABLE_CODE = YES;
				CLANG_WARN__DUPLICATE_METHOD_MATCH = YES;
				COPY_PHASE_STRIP = NO;
				DEBUG_INFORMATION_FORMAT = "dwarf-with-dsym";
				ENABLE_NS_ASSERTIONS = NO;
				ENABLE_STRICT_OBJC_MSGSEND = YES;
				ENABLE_USER_SCRIPT_SANDBOXING = YES;
				GCC_C_LANGUAGE_STANDARD = gnu17;
				GCC_NO_COMMON_BLOCKS = YES;
				GCC_WARN_64_TO_32_BIT_CONVERSION = YES;
				GCC_WARN_ABOUT_RETURN_TYPE = YES_ERROR;
				GCC_WARN_UNDECLARED_SELECTOR = YES;
				GCC_WARN_UNINITIALIZED_AUTOS = YES_AGGRESSIVE;
				GCC_WARN_UNUSED_FUNCTION = YES;
				GCC_WARN_UNUSED_VARIABLE = YES;
				IPHONEOS_DEPLOYMENT_TARGET = 17.2;
				LOCALIZATION_PREFERS_STRING_CATALOGS = YES;
				MTL_ENABLE_DEBUG_INFO = NO;
				MTL_FAST_MATH = YES;
				SDKROOT = iphoneos;
				SWIFT_COMPILATION_MODE = wholemodule;
				VALIDATE_PRODUCT = YES;
			};
			name = Release;
		};
		0765B0212B6B2C810083C7BF /* Debug */ = {
			isa = XCBuildConfiguration;
			buildSettings = {
				ASSETCATALOG_COMPILER_APPICON_NAME = AppIcon;
				ASSETCATALOG_COMPILER_GLOBAL_ACCENT_COLOR_NAME = AccentColor;
				CODE_SIGN_STYLE = Automatic;
				CURRENT_PROJECT_VERSION = 1;
				DEVELOPMENT_TEAM = AFSL2K239Y;
				GENERATE_INFOPLIST_FILE = YES;
				INFOPLIST_FILE = CoinGekoiOS/Info.plist;
				INFOPLIST_KEY_UIApplicationSupportsIndirectInputEvents = YES;
				INFOPLIST_KEY_UILaunchStoryboardName = LaunchScreen;
				INFOPLIST_KEY_UIMainStoryboardFile = Main;
				INFOPLIST_KEY_UISupportedInterfaceOrientations_iPad = "UIInterfaceOrientationPortrait UIInterfaceOrientationPortraitUpsideDown UIInterfaceOrientationLandscapeLeft UIInterfaceOrientationLandscapeRight";
				INFOPLIST_KEY_UISupportedInterfaceOrientations_iPhone = "UIInterfaceOrientationPortrait UIInterfaceOrientationLandscapeLeft UIInterfaceOrientationLandscapeRight";
				LD_RUNPATH_SEARCH_PATHS = (
					"$(inherited)",
					"@executable_path/Frameworks",
				);
				MARKETING_VERSION = 1.0;
				PRODUCT_BUNDLE_IDENTIFIER = com.coin.CoinGekoiOS;
				PRODUCT_NAME = "$(TARGET_NAME)";
				SWIFT_EMIT_LOC_STRINGS = YES;
				SWIFT_VERSION = 5.0;
				TARGETED_DEVICE_FAMILY = "1,2";
			};
			name = Debug;
		};
		0765B0222B6B2C810083C7BF /* Release */ = {
			isa = XCBuildConfiguration;
			buildSettings = {
				ASSETCATALOG_COMPILER_APPICON_NAME = AppIcon;
				ASSETCATALOG_COMPILER_GLOBAL_ACCENT_COLOR_NAME = AccentColor;
				CODE_SIGN_STYLE = Automatic;
				CURRENT_PROJECT_VERSION = 1;
				DEVELOPMENT_TEAM = AFSL2K239Y;
				GENERATE_INFOPLIST_FILE = YES;
				INFOPLIST_FILE = CoinGekoiOS/Info.plist;
				INFOPLIST_KEY_UIApplicationSupportsIndirectInputEvents = YES;
				INFOPLIST_KEY_UILaunchStoryboardName = LaunchScreen;
				INFOPLIST_KEY_UIMainStoryboardFile = Main;
				INFOPLIST_KEY_UISupportedInterfaceOrientations_iPad = "UIInterfaceOrientationPortrait UIInterfaceOrientationPortraitUpsideDown UIInterfaceOrientationLandscapeLeft UIInterfaceOrientationLandscapeRight";
				INFOPLIST_KEY_UISupportedInterfaceOrientations_iPhone = "UIInterfaceOrientationPortrait UIInterfaceOrientationLandscapeLeft UIInterfaceOrientationLandscapeRight";
				LD_RUNPATH_SEARCH_PATHS = (
					"$(inherited)",
					"@executable_path/Frameworks",
				);
				MARKETING_VERSION = 1.0;
				PRODUCT_BUNDLE_IDENTIFIER = com.coin.CoinGekoiOS;
				PRODUCT_NAME = "$(TARGET_NAME)";
				SWIFT_EMIT_LOC_STRINGS = YES;
				SWIFT_VERSION = 5.0;
				TARGETED_DEVICE_FAMILY = "1,2";
			};
			name = Release;
		};
		0765B0242B6B2C810083C7BF /* Debug */ = {
			isa = XCBuildConfiguration;
			buildSettings = {
				ALWAYS_EMBED_SWIFT_STANDARD_LIBRARIES = YES;
				BUNDLE_LOADER = "$(TEST_HOST)";
				CODE_SIGN_STYLE = Automatic;
				CURRENT_PROJECT_VERSION = 1;
				DEVELOPMENT_TEAM = AFSL2K239Y;
				GENERATE_INFOPLIST_FILE = YES;
				IPHONEOS_DEPLOYMENT_TARGET = 17.2;
				MARKETING_VERSION = 1.0;
				PRODUCT_BUNDLE_IDENTIFIER = com.coin.CoinGekoiOSTests;
				PRODUCT_NAME = "$(TARGET_NAME)";
				SWIFT_EMIT_LOC_STRINGS = NO;
				SWIFT_VERSION = 5.0;
				TARGETED_DEVICE_FAMILY = "1,2";
				TEST_HOST = "$(BUILT_PRODUCTS_DIR)/CoinGekoiOS.app/$(BUNDLE_EXECUTABLE_FOLDER_PATH)/CoinGekoiOS";
			};
			name = Debug;
		};
		0765B0252B6B2C810083C7BF /* Release */ = {
			isa = XCBuildConfiguration;
			buildSettings = {
				ALWAYS_EMBED_SWIFT_STANDARD_LIBRARIES = YES;
				BUNDLE_LOADER = "$(TEST_HOST)";
				CODE_SIGN_STYLE = Automatic;
				CURRENT_PROJECT_VERSION = 1;
				DEVELOPMENT_TEAM = AFSL2K239Y;
				GENERATE_INFOPLIST_FILE = YES;
				IPHONEOS_DEPLOYMENT_TARGET = 17.2;
				MARKETING_VERSION = 1.0;
				PRODUCT_BUNDLE_IDENTIFIER = com.coin.CoinGekoiOSTests;
				PRODUCT_NAME = "$(TARGET_NAME)";
				SWIFT_EMIT_LOC_STRINGS = NO;
				SWIFT_VERSION = 5.0;
				TARGETED_DEVICE_FAMILY = "1,2";
				TEST_HOST = "$(BUILT_PRODUCTS_DIR)/CoinGekoiOS.app/$(BUNDLE_EXECUTABLE_FOLDER_PATH)/CoinGekoiOS";
			};
			name = Release;
		};
		0765B0272B6B2C810083C7BF /* Debug */ = {
			isa = XCBuildConfiguration;
			buildSettings = {
				ALWAYS_EMBED_SWIFT_STANDARD_LIBRARIES = YES;
				CODE_SIGN_STYLE = Automatic;
				CURRENT_PROJECT_VERSION = 1;
				DEVELOPMENT_TEAM = AFSL2K239Y;
				GENERATE_INFOPLIST_FILE = YES;
				MARKETING_VERSION = 1.0;
				PRODUCT_BUNDLE_IDENTIFIER = com.coin.CoinGekoiOSUITests;
				PRODUCT_NAME = "$(TARGET_NAME)";
				SWIFT_EMIT_LOC_STRINGS = NO;
				SWIFT_VERSION = 5.0;
				TARGETED_DEVICE_FAMILY = "1,2";
				TEST_TARGET_NAME = CoinGekoiOS;
			};
			name = Debug;
		};
		0765B0282B6B2C810083C7BF /* Release */ = {
			isa = XCBuildConfiguration;
			buildSettings = {
				ALWAYS_EMBED_SWIFT_STANDARD_LIBRARIES = YES;
				CODE_SIGN_STYLE = Automatic;
				CURRENT_PROJECT_VERSION = 1;
				DEVELOPMENT_TEAM = AFSL2K239Y;
				GENERATE_INFOPLIST_FILE = YES;
				MARKETING_VERSION = 1.0;
				PRODUCT_BUNDLE_IDENTIFIER = com.coin.CoinGekoiOSUITests;
				PRODUCT_NAME = "$(TARGET_NAME)";
				SWIFT_EMIT_LOC_STRINGS = NO;
				SWIFT_VERSION = 5.0;
				TARGETED_DEVICE_FAMILY = "1,2";
				TEST_TARGET_NAME = CoinGekoiOS;
			};
			name = Release;
		};
/* End XCBuildConfiguration section */

/* Begin XCConfigurationList section */
		0765AFF12B6B2C7D0083C7BF /* Build configuration list for PBXProject "CoinGekoiOS" */ = {
			isa = XCConfigurationList;
			buildConfigurations = (
				0765B01E2B6B2C810083C7BF /* Debug */,
				0765B01F2B6B2C810083C7BF /* Release */,
			);
			defaultConfigurationIsVisible = 0;
			defaultConfigurationName = Release;
		};
		0765B0202B6B2C810083C7BF /* Build configuration list for PBXNativeTarget "CoinGekoiOS" */ = {
			isa = XCConfigurationList;
			buildConfigurations = (
				0765B0212B6B2C810083C7BF /* Debug */,
				0765B0222B6B2C810083C7BF /* Release */,
			);
			defaultConfigurationIsVisible = 0;
			defaultConfigurationName = Release;
		};
		0765B0232B6B2C810083C7BF /* Build configuration list for PBXNativeTarget "CoinGekoiOSTests" */ = {
			isa = XCConfigurationList;
			buildConfigurations = (
				0765B0242B6B2C810083C7BF /* Debug */,
				0765B0252B6B2C810083C7BF /* Release */,
			);
			defaultConfigurationIsVisible = 0;
			defaultConfigurationName = Release;
		};
		0765B0262B6B2C810083C7BF /* Build configuration list for PBXNativeTarget "CoinGekoiOSUITests" */ = {
			isa = XCConfigurationList;
			buildConfigurations = (
				0765B0272B6B2C810083C7BF /* Debug */,
				0765B0282B6B2C810083C7BF /* Release */,
			);
			defaultConfigurationIsVisible = 0;
			defaultConfigurationName = Release;
		};
/* End XCConfigurationList section */
	};
	rootObject = 0765AFEE2B6B2C7D0083C7BF /* Project object */;
}
